
Microsoft Visual Studio Solution File, Format Version 12.00
# Visual Studio Version 16
VisualStudioVersion = 16.0.31402.337
MinimumVisualStudioVersion = 10.0.40219.1
Project("{FAE04EC0-301F-11D3-BF4B-00C04F79EFBC}") = "My_steck", "My_steck.csproj", "{C7583BE0-8586-4FA1-B752-7409D808715E}"
EndProject
Global
	GlobalSection(SolutionConfigurationPlatforms) = preSolution
		Debug|Any CPU = Debug|Any CPU
		Release|Any CPU = Release|Any CPU
	EndGlobalSection
	GlobalSection(ProjectConfigurationPlatforms) = postSolution
		{C7583BE0-8586-4FA1-B752-7409D808715E}.Debug|Any CPU.ActiveCfg = Debug|Any CPU
		{C7583BE0-8586-4FA1-B752-7409D808715E}.Debug|Any CPU.Build.0 = Debug|Any CPU
		{C7583BE0-8586-4FA1-B752-7409D808715E}.Release|Any CPU.ActiveCfg = Release|Any CPU
		{C7583BE0-8586-4FA1-B752-7409D808715E}.Release|Any CPU.Build.0 = Release|Any CPU
	EndGlobalSection
	GlobalSection(SolutionProperties) = preSolution
		HideSolutionNode = FALSE
	EndGlobalSection
	GlobalSection(ExtensibilityGlobals) = postSolution
		SolutionGuid = {DFF0CA8B-9999-48F9-8E54-3CB9C88DEE63}
	EndGlobalSection
EndGlobal
