
Microsoft Visual Studio Solution File, Format Version 12.00
# Visual Studio Version 16
VisualStudioVersion = 16.0.31729.503
MinimumVisualStudioVersion = 10.0.40219.1
Project("{FAE04EC0-301F-11D3-BF4B-00C04F79EFBC}") = "MySteck", "MySteck\MySteck.csproj", "{A580C93B-6D87-491C-B9FE-2183063E2986}"
EndProject
Global
	GlobalSection(SolutionConfigurationPlatforms) = preSolution
		Debug|Any CPU = Debug|Any CPU
		Release|Any CPU = Release|Any CPU
	EndGlobalSection
	GlobalSection(ProjectConfigurationPlatforms) = postSolution
		{A580C93B-6D87-491C-B9FE-2183063E2986}.Debug|Any CPU.ActiveCfg = Debug|Any CPU
		{A580C93B-6D87-491C-B9FE-2183063E2986}.Debug|Any CPU.Build.0 = Debug|Any CPU
		{A580C93B-6D87-491C-B9FE-2183063E2986}.Release|Any CPU.ActiveCfg = Release|Any CPU
		{A580C93B-6D87-491C-B9FE-2183063E2986}.Release|Any CPU.Build.0 = Release|Any CPU
	EndGlobalSection
	GlobalSection(SolutionProperties) = preSolution
		HideSolutionNode = FALSE
	EndGlobalSection
	GlobalSection(ExtensibilityGlobals) = postSolution
		SolutionGuid = {E3AA8A8B-698B-413A-9170-900F855D27C0}
	EndGlobalSection
EndGlobal
